
Microsoft Visual Studio Solution File, Format Version 12.00
# Visual Studio Version 16
VisualStudioVersion = 16.0.31005.135
MinimumVisualStudioVersion = 10.0.40219.1
Project("{FAE04EC0-301F-11D3-BF4B-00C04F79EFBC}") = "utavoCS", "utavoCS\utavoCS.csproj", "{AB8F6ACD-B274-42AB-B70C-F70E5E31B7AB}"
EndProject
Global
	GlobalSection(SolutionConfigurationPlatforms) = preSolution
		Debug|Any CPU = Debug|Any CPU
		Release|Any CPU = Release|Any CPU
	EndGlobalSection
	GlobalSection(ProjectConfigurationPlatforms) = postSolution
		{AB8F6ACD-B274-42AB-B70C-F70E5E31B7AB}.Debug|Any CPU.ActiveCfg = Debug|Any CPU
		{AB8F6ACD-B274-42AB-B70C-F70E5E31B7AB}.Debug|Any CPU.Build.0 = Debug|Any CPU
		{AB8F6ACD-B274-42AB-B70C-F70E5E31B7AB}.Release|Any CPU.ActiveCfg = Release|Any CPU
		{AB8F6ACD-B274-42AB-B70C-F70E5E31B7AB}.Release|Any CPU.Build.0 = Release|Any CPU
	EndGlobalSection
	GlobalSection(SolutionProperties) = preSolution
		HideSolutionNode = FALSE
	EndGlobalSection
	GlobalSection(ExtensibilityGlobals) = postSolution
		SolutionGuid = {111D1248-EDCA-45DB-94FD-425C2551F636}
	EndGlobalSection
EndGlobal
